# This file is automatically @generated by Cargo.
# It is not intended for manual editing.
version = 3

[[package]]
name = "android-tzdata"
version = "0.1.1"
source = "registry+https://github.com/rust-lang/crates.io-index"
checksum = "e999941b234f3131b00bc13c22d06e8c5ff726d1b6318ac7eb276997bbb4fef0"

[[package]]
name = "android_system_properties"
version = "0.1.5"
source = "registry+https://github.com/rust-lang/crates.io-index"
checksum = "819e7219dbd41043ac279b19830f2efc897156490d7fd6ea916720117ee66311"
dependencies = [
 "libc",
]

[[package]]
name = "anyhow"
version = "1.0.79"
source = "registry+https://github.com/rust-lang/crates.io-index"
checksum = "080e9890a082662b09c1ad45f567faeeb47f22b5fb23895fbe1e651e718e25ca"

[[package]]
name = "autocfg"
version = "1.1.0"
source = "registry+https://github.com/rust-lang/crates.io-index"
checksum = "d468802bab17cbc0cc575e9b053f41e72aa36bfa6b7f55e3529ffa43161b97fa"

[[package]]
name = "bitflags"
version = "1.3.2"
source = "registry+https://github.com/rust-lang/crates.io-index"
checksum = "bef38d45163c2f1dde094a7dfd33ccf595c92905c8f8f4fdc18d06fb1037718a"

[[package]]
name = "boolinator"
version = "2.4.0"
source = "registry+https://github.com/rust-lang/crates.io-index"
checksum = "cfa8873f51c92e232f9bac4065cddef41b714152812bfc5f7672ba16d6ef8cd9"

[[package]]
name = "bumpalo"
version = "3.14.0"
source = "registry+https://github.com/rust-lang/crates.io-index"
checksum = "7f30e7476521f6f8af1a1c4c0b8cc94f0bee37d91763d0ca2665f299b6cd8aec"

[[package]]
name = "cc"
version = "1.0.83"
source = "registry+https://github.com/rust-lang/crates.io-index"
checksum = "f1174fb0b6ec23863f8b971027804a42614e347eafb0a95bf0b12cdae21fc4d0"
dependencies = [
 "libc",
]

[[package]]
name = "cfg-if"
version = "1.0.0"
source = "registry+https://github.com/rust-lang/crates.io-index"
checksum = "baf1de4339761588bc0619e3cbc0120ee582ebb74b53b4efbf79117bd2da40fd"

[[package]]
name = "chrono"
version = "0.4.31"
source = "registry+https://github.com/rust-lang/crates.io-index"
checksum = "7f2c685bad3eb3d45a01354cedb7d5faa66194d1d58ba6e267a8de788f79db38"
dependencies = [
 "android-tzdata",
 "iana-time-zone",
 "js-sys",
 "num-traits",
 "wasm-bindgen",
 "windows-targets",
]

[[package]]
name = "console_error_panic_hook"
version = "0.1.7"
source = "registry+https://github.com/rust-lang/crates.io-index"
checksum = "a06aeb73f470f66dcdbf7223caeebb85984942f22f1adb2a088cf9668146bbbc"
dependencies = [
 "cfg-if",
 "wasm-bindgen",
]

[[package]]
name = "core-foundation-sys"
version = "0.8.4"
source = "registry+https://github.com/rust-lang/crates.io-index"
checksum = "e496a50fda8aacccc86d7529e2c1e0892dbd0f898a6b5645b5561b89c3210efa"

[[package]]
name = "downcast-rs"
version = "1.2.0"
source = "registry+https://github.com/rust-lang/crates.io-index"
checksum = "9ea835d29036a4087793836fa931b08837ad5e957da9e23886b29586fb9b6650"

[[package]]
name = "dunce"
version = "1.0.2"
source = "registry+https://github.com/rust-lang/crates.io-index"
checksum = "453440c271cf5577fd2a40e4942540cb7d0d2f85e27c8d07dd0023c925a67541"

[[package]]
name = "equivalent"
version = "1.0.1"
source = "registry+https://github.com/rust-lang/crates.io-index"
checksum = "5443807d6dff69373d433ab9ef5378ad8df50ca6298caf15de6e52e24aaf54d5"

[[package]]
name = "fb_cloned"
version = "0.1.3"
source = "registry+https://github.com/rust-lang/crates.io-index"
checksum = "69ece38403dfe611de6734d1e4f34294020113d184c6dc2b36f6acf4c46226d4"

[[package]]
name = "getopts"
version = "0.2.21"
source = "registry+https://github.com/rust-lang/crates.io-index"
checksum = "14dbbfd5c71d70241ecf9e6f13737f7b5ce823821063188d7e46c41d371eebd5"
dependencies = [
 "unicode-width",
]

[[package]]
name = "glob"
version = "0.3.0"
source = "registry+https://github.com/rust-lang/crates.io-index"
checksum = "9b919933a397b79c37e33b77bb2aa3dc8eb6e165ad809e58ff75bc7db2e34574"

[[package]]
name = "gloo"
version = "0.4.2"
source = "registry+https://github.com/rust-lang/crates.io-index"
checksum = "23947965eee55e3e97a5cd142dd4c10631cc349b48cecca0ed230fd296f568cd"
dependencies = [
 "gloo-console",
 "gloo-dialogs",
 "gloo-events",
 "gloo-file",
 "gloo-render",
 "gloo-storage",
 "gloo-timers",
 "gloo-utils",
]

[[package]]
name = "gloo-console"
version = "0.2.3"
source = "registry+https://github.com/rust-lang/crates.io-index"
checksum = "82b7ce3c05debe147233596904981848862b068862e9ec3e34be446077190d3f"
dependencies = [
 "gloo-utils",
 "js-sys",
 "serde",
 "wasm-bindgen",
 "web-sys",
]

[[package]]
name = "gloo-dialogs"
version = "0.1.1"
source = "registry+https://github.com/rust-lang/crates.io-index"
checksum = "67062364ac72d27f08445a46cab428188e2e224ec9e37efdba48ae8c289002e6"
dependencies = [
 "wasm-bindgen",
 "web-sys",
]

[[package]]
name = "gloo-events"
version = "0.1.2"
source = "registry+https://github.com/rust-lang/crates.io-index"
checksum = "68b107f8abed8105e4182de63845afcc7b69c098b7852a813ea7462a320992fc"
dependencies = [
 "wasm-bindgen",
 "web-sys",
]

[[package]]
name = "gloo-file"
version = "0.2.3"
source = "registry+https://github.com/rust-lang/crates.io-index"
checksum = "a8d5564e570a38b43d78bdc063374a0c3098c4f0d64005b12f9bbe87e869b6d7"
dependencies = [
 "gloo-events",
 "js-sys",
 "wasm-bindgen",
 "web-sys",
]

[[package]]
name = "gloo-net"
version = "0.1.0"
source = "registry+https://github.com/rust-lang/crates.io-index"
checksum = "2899cb1a13be9020b010967adc6b2a8a343b6f1428b90238c9d53ca24decc6db"
dependencies = [
 "gloo-utils",
 "js-sys",
 "serde",
 "serde_json",
 "thiserror",
 "wasm-bindgen",
 "wasm-bindgen-futures",
 "web-sys",
]

[[package]]
name = "gloo-render"
version = "0.1.1"
source = "registry+https://github.com/rust-lang/crates.io-index"
checksum = "2fd9306aef67cfd4449823aadcd14e3958e0800aa2183955a309112a84ec7764"
dependencies = [
 "wasm-bindgen",
 "web-sys",
]

[[package]]
name = "gloo-storage"
version = "0.2.2"
source = "registry+https://github.com/rust-lang/crates.io-index"
checksum = "5d6ab60bf5dbfd6f0ed1f7843da31b41010515c745735c970e821945ca91e480"
dependencies = [
 "gloo-utils",
 "js-sys",
 "serde",
 "serde_json",
 "thiserror",
 "wasm-bindgen",
 "web-sys",
]

[[package]]
name = "gloo-timers"
version = "0.2.6"
source = "registry+https://github.com/rust-lang/crates.io-index"
checksum = "9b995a66bb87bebce9a0f4a95aed01daca4872c050bfcb21653361c03bc35e5c"
dependencies = [
 "js-sys",
 "wasm-bindgen",
]

[[package]]
name = "gloo-utils"
version = "0.1.7"
source = "registry+https://github.com/rust-lang/crates.io-index"
checksum = "037fcb07216cb3a30f7292bd0176b050b7b9a052ba830ef7d5d65f6dc64ba58e"
dependencies = [
 "js-sys",
 "serde",
 "serde_json",
 "wasm-bindgen",
 "web-sys",
]

[[package]]
name = "hashbrown"
version = "0.12.3"
source = "registry+https://github.com/rust-lang/crates.io-index"
checksum = "8a9ee70c43aaf417c914396645a0fa852624801b24ebb7ae78fe8272889ac888"

[[package]]
name = "hashbrown"
version = "0.14.0"
source = "registry+https://github.com/rust-lang/crates.io-index"
checksum = "2c6201b9ff9fd90a5a3bac2e56a830d0caa509576f0e503818ee82c181b3437a"

[[package]]
name = "iana-time-zone"
version = "0.1.57"
source = "registry+https://github.com/rust-lang/crates.io-index"
checksum = "2fad5b825842d2b38bd206f3e81d6957625fd7f0a361e345c30e01a0ae2dd613"
dependencies = [
 "android_system_properties",
 "core-foundation-sys",
 "iana-time-zone-haiku",
 "js-sys",
 "wasm-bindgen",
 "windows",
]

[[package]]
name = "iana-time-zone-haiku"
version = "0.1.2"
source = "registry+https://github.com/rust-lang/crates.io-index"
checksum = "f31827a206f56af32e590ba56d5d2d085f558508192593743f16b2306495269f"
dependencies = [
 "cc",
]

[[package]]
name = "indexmap"
version = "1.9.3"
source = "registry+https://github.com/rust-lang/crates.io-index"
checksum = "bd070e393353796e801d209ad339e89596eb4c8d430d18ede6a1cced8fafbd99"
dependencies = [
 "autocfg",
 "hashbrown 0.12.3",
]

[[package]]
name = "indexmap"
version = "2.0.0"
source = "registry+https://github.com/rust-lang/crates.io-index"
checksum = "d5477fe2230a79769d8dc68e0eabf5437907c0457a5614a9e8dddb67f65eb65d"
dependencies = [
 "equivalent",
 "hashbrown 0.14.0",
]

[[package]]
name = "instant"
version = "0.1.12"
source = "registry+https://github.com/rust-lang/crates.io-index"
checksum = "7a5bbe824c507c5da5956355e86a746d82e0e1464f65d862cc5e71da70e94b2c"
dependencies = [
 "cfg-if",
 "js-sys",
 "wasm-bindgen",
 "web-sys",
]

[[package]]
name = "itoa"
version = "1.0.2"
source = "registry+https://github.com/rust-lang/crates.io-index"
checksum = "112c678d4050afce233f4f2852bb2eb519230b3cf12f33585275537d7e41578d"

[[package]]
name = "js-sys"
version = "0.3.58"
source = "registry+https://github.com/rust-lang/crates.io-index"
checksum = "c3fac17f7123a73ca62df411b1bf727ccc805daa070338fda671c86dac1bdc27"
dependencies = [
 "wasm-bindgen",
]

[[package]]
name = "koto"
version = "0.13.0"
dependencies = [
 "dunce",
 "koto_bytecode",
 "koto_parser",
 "koto_runtime",
 "thiserror",
]

[[package]]
name = "koto_bytecode"
version = "0.13.0"
dependencies = [
 "dunce",
 "koto_memory",
 "koto_parser",
 "rustc-hash",
 "smallvec",
 "thiserror",
]

[[package]]
name = "koto_derive"
version = "0.13.0"
dependencies = [
 "proc-macro2",
 "quote",
 "syn 2.0.46",
]

[[package]]
name = "koto_lexer"
version = "0.13.0"
dependencies = [
 "unicode-width",
 "unicode-xid",
]

[[package]]
name = "koto_memory"
version = "0.13.0"

[[package]]
name = "koto_parser"
version = "0.13.0"
dependencies = [
 "koto_lexer",
 "koto_memory",
 "thiserror",
]

[[package]]
name = "koto_runtime"
version = "0.13.0"
dependencies = [
 "chrono",
 "downcast-rs",
 "indexmap 2.0.0",
 "instant",
 "koto_bytecode",
 "koto_derive",
 "koto_lexer",
 "koto_memory",
 "koto_parser",
 "rustc-hash",
 "smallvec",
 "thiserror",
 "unicode-segmentation",
]

[[package]]
name = "lazy_static"
version = "1.4.0"
source = "registry+https://github.com/rust-lang/crates.io-index"
checksum = "e2abad23fbc42b3700f2f279844dc832adb2b2eb069b2df918f455c4e18cc646"

[[package]]
name = "libc"
version = "0.2.126"
source = "registry+https://github.com/rust-lang/crates.io-index"
checksum = "349d5a591cd28b49e1d1037471617a32ddcda5731b99419008085f72d5a53836"

[[package]]
name = "log"
version = "0.4.20"
source = "registry+https://github.com/rust-lang/crates.io-index"
checksum = "b5e6163cb8c49088c2c36f57875e58ccd8c87c7427f7fbd50ea6710b2f3f2e8f"

[[package]]
name = "memchr"
version = "2.5.0"
source = "registry+https://github.com/rust-lang/crates.io-index"
checksum = "2dffe52ecf27772e601905b7522cb4ef790d2cc203488bbd0e2fe85fcb74566d"

[[package]]
name = "num-traits"
version = "0.2.15"
source = "registry+https://github.com/rust-lang/crates.io-index"
checksum = "578ede34cf02f8924ab9447f50c28075b4d3e5b269972345e7e0372b38c6cdcd"
dependencies = [
 "autocfg",
]

[[package]]
name = "playground"
version = "0.1.0"
dependencies = [
 "console_error_panic_hook",
 "fb_cloned",
 "glob",
 "gloo-console",
 "gloo-events",
 "gloo-net",
 "gloo-timers",
 "gloo-utils",
 "instant",
 "js-sys",
 "koto",
 "log",
 "serde",
 "wasm-bindgen",
 "wasm-logger",
 "web-sys",
 "yew",
]

[[package]]
name = "proc-macro-error"
version = "1.0.4"
source = "registry+https://github.com/rust-lang/crates.io-index"
checksum = "da25490ff9892aab3fcf7c36f08cfb902dd3e71ca0f9f9517bea02a73a5ce38c"
dependencies = [
 "proc-macro-error-attr",
 "proc-macro2",
 "quote",
 "syn 1.0.98",
 "version_check",
]

[[package]]
name = "proc-macro-error-attr"
version = "1.0.4"
source = "registry+https://github.com/rust-lang/crates.io-index"
checksum = "a1be40180e52ecc98ad80b184934baf3d0d29f979574e439af5a55274b35f869"
dependencies = [
 "proc-macro2",
 "quote",
 "version_check",
]

[[package]]
name = "proc-macro2"
version = "1.0.74"
source = "registry+https://github.com/rust-lang/crates.io-index"
checksum = "2de98502f212cfcea8d0bb305bd0f49d7ebdd75b64ba0a68f937d888f4e0d6db"
dependencies = [
 "unicode-ident",
]

[[package]]
name = "pulldown-cmark"
version = "0.9.2"
source = "registry+https://github.com/rust-lang/crates.io-index"
checksum = "2d9cc634bc78768157b5cbfe988ffcd1dcba95cd2b2f03a88316c08c6d00ed63"
dependencies = [
 "bitflags",
 "getopts",
 "memchr",
 "unicase",
]

[[package]]
name = "pulldown-cmark-to-cmark"
version = "10.0.4"
source = "registry+https://github.com/rust-lang/crates.io-index"
checksum = "0194e6e1966c23cc5fd988714f85b18d548d773e81965413555d96569931833d"
dependencies = [
 "pulldown-cmark",
]

[[package]]
name = "quote"
version = "1.0.35"
source = "registry+https://github.com/rust-lang/crates.io-index"
checksum = "291ec9ab5efd934aaf503a6466c5d5251535d108ee747472c3977cc5acc868ef"
dependencies = [
 "proc-macro2",
]

[[package]]
name = "rustc-hash"
version = "1.1.0"
source = "registry+https://github.com/rust-lang/crates.io-index"
checksum = "08d43f7aa6b08d49f382cde6a7982047c3426db949b1424bc4b7ec9ae12c6ce2"

[[package]]
name = "ryu"
version = "1.0.10"
source = "registry+https://github.com/rust-lang/crates.io-index"
checksum = "f3f6f92acf49d1b98f7a81226834412ada05458b7364277387724a237f062695"

[[package]]
name = "scoped-tls-hkt"
version = "0.1.4"
source = "registry+https://github.com/rust-lang/crates.io-index"
checksum = "3ddc765d3410d9f6c6ca071bf0b67f6b01e3ec4595dc3892f02677e75819dddc"

[[package]]
name = "serde"
version = "1.0.137"
source = "registry+https://github.com/rust-lang/crates.io-index"
checksum = "61ea8d54c77f8315140a05f4c7237403bf38b72704d031543aa1d16abbf517d1"
dependencies = [
 "serde_derive",
]

[[package]]
name = "serde_derive"
version = "1.0.137"
source = "registry+https://github.com/rust-lang/crates.io-index"
checksum = "1f26faba0c3959972377d3b2d306ee9f71faee9714294e41bb777f83f88578be"
dependencies = [
 "proc-macro2",
 "quote",
 "syn 1.0.98",
]

[[package]]
name = "serde_json"
version = "1.0.82"
source = "registry+https://github.com/rust-lang/crates.io-index"
checksum = "82c2c1fdcd807d1098552c5b9a36e425e42e9fbd7c6a37a8425f390f781f7fa7"
dependencies = [
 "itoa",
 "ryu",
 "serde",
]

[[package]]
name = "slab"
version = "0.4.9"
source = "registry+https://github.com/rust-lang/crates.io-index"
checksum = "8f92a496fb766b417c996b9c5e57daf2f7ad3b0bebe1ccfca4856390e3d3bb67"
dependencies = [
 "autocfg",
]

[[package]]
name = "smallvec"
version = "1.11.1"
source = "registry+https://github.com/rust-lang/crates.io-index"
checksum = "942b4a808e05215192e39f4ab80813e599068285906cc91aa64f923db842bd5a"

[[package]]
name = "syn"
version = "1.0.98"
source = "registry+https://github.com/rust-lang/crates.io-index"
checksum = "c50aef8a904de4c23c788f104b7dddc7d6f79c647c7c8ce4cc8f73eb0ca773dd"
dependencies = [
 "proc-macro2",
 "quote",
 "unicode-ident",
]

[[package]]
name = "syn"
version = "2.0.46"
source = "registry+https://github.com/rust-lang/crates.io-index"
checksum = "89456b690ff72fddcecf231caedbe615c59480c93358a93dfae7fc29e3ebbf0e"
dependencies = [
 "proc-macro2",
 "quote",
 "unicode-ident",
]

[[package]]
name = "thiserror"
version = "1.0.44"
source = "registry+https://github.com/rust-lang/crates.io-index"
checksum = "611040a08a0439f8248d1990b111c95baa9c704c805fa1f62104b39655fd7f90"
dependencies = [
 "thiserror-impl",
]

[[package]]
name = "thiserror-impl"
version = "1.0.44"
source = "registry+https://github.com/rust-lang/crates.io-index"
checksum = "090198534930841fab3a5d1bb637cde49e339654e606195f8d9c76eeb081dc96"
dependencies = [
 "proc-macro2",
 "quote",
 "syn 2.0.46",
]

[[package]]
name = "unicase"
version = "2.6.0"
source = "registry+https://github.com/rust-lang/crates.io-index"
checksum = "50f37be617794602aabbeee0be4f259dc1778fabe05e2d67ee8f79326d5cb4f6"
dependencies = [
 "version_check",
]

[[package]]
name = "unicode-ident"
version = "1.0.1"
source = "registry+https://github.com/rust-lang/crates.io-index"
checksum = "5bd2fe26506023ed7b5e1e315add59d6f584c621d037f9368fea9cfb988f368c"

[[package]]
name = "unicode-segmentation"
version = "1.10.0"
source = "registry+https://github.com/rust-lang/crates.io-index"
checksum = "0fdbf052a0783de01e944a6ce7a8cb939e295b1e7be835a1112c3b9a7f047a5a"

[[package]]
name = "unicode-width"
version = "0.1.10"
source = "registry+https://github.com/rust-lang/crates.io-index"
checksum = "c0edd1e5b14653f783770bce4a4dabb4a5108a5370a5f5d8cfe8710c361f6c8b"

[[package]]
name = "unicode-xid"
version = "0.2.4"
source = "registry+https://github.com/rust-lang/crates.io-index"
checksum = "f962df74c8c05a667b5ee8bcf162993134c104e96440b663c8daa176dc772d8c"

[[package]]
name = "version_check"
version = "0.9.4"
source = "registry+https://github.com/rust-lang/crates.io-index"
checksum = "49874b5167b65d7193b8aba1567f5c7d93d001cafc34600cee003eda787e483f"

[[package]]
name = "wasm-bindgen"
version = "0.2.81"
source = "registry+https://github.com/rust-lang/crates.io-index"
checksum = "7c53b543413a17a202f4be280a7e5c62a1c69345f5de525ee64f8cfdbc954994"
dependencies = [
 "cfg-if",
 "serde",
 "serde_json",
 "wasm-bindgen-macro",
]

[[package]]
name = "wasm-bindgen-backend"
version = "0.2.81"
source = "registry+https://github.com/rust-lang/crates.io-index"
checksum = "5491a68ab4500fa6b4d726bd67408630c3dbe9c4fe7bda16d5c82a1fd8c7340a"
dependencies = [
 "bumpalo",
 "lazy_static",
 "log",
 "proc-macro2",
 "quote",
 "syn 1.0.98",
 "wasm-bindgen-shared",
]

[[package]]
name = "wasm-bindgen-futures"
version = "0.4.31"
source = "registry+https://github.com/rust-lang/crates.io-index"
checksum = "de9a9cec1733468a8c657e57fa2413d2ae2c0129b95e87c5b72b8ace4d13f31f"
dependencies = [
 "cfg-if",
 "js-sys",
 "wasm-bindgen",
 "web-sys",
]

[[package]]
name = "wasm-bindgen-macro"
version = "0.2.81"
source = "registry+https://github.com/rust-lang/crates.io-index"
checksum = "c441e177922bc58f1e12c022624b6216378e5febc2f0533e41ba443d505b80aa"
dependencies = [
 "quote",
 "wasm-bindgen-macro-support",
]

[[package]]
name = "wasm-bindgen-macro-support"
version = "0.2.81"
source = "registry+https://github.com/rust-lang/crates.io-index"
checksum = "7d94ac45fcf608c1f45ef53e748d35660f168490c10b23704c7779ab8f5c3048"
dependencies = [
 "proc-macro2",
 "quote",
 "syn 1.0.98",
 "wasm-bindgen-backend",
 "wasm-bindgen-shared",
]

[[package]]
name = "wasm-bindgen-shared"
version = "0.2.81"
source = "registry+https://github.com/rust-lang/crates.io-index"
checksum = "6a89911bd99e5f3659ec4acf9c4d93b0a90fe4a2a11f15328472058edc5261be"

[[package]]
name = "wasm-logger"
version = "0.2.0"
source = "registry+https://github.com/rust-lang/crates.io-index"
checksum = "074649a66bb306c8f2068c9016395fa65d8e08d2affcbf95acf3c24c3ab19718"
dependencies = [
 "log",
 "wasm-bindgen",
 "web-sys",
]

[[package]]
name = "web-sys"
version = "0.3.58"
source = "registry+https://github.com/rust-lang/crates.io-index"
checksum = "2fed94beee57daf8dd7d51f2b15dc2bcde92d7a72304cdf662a4371008b71b90"
dependencies = [
 "js-sys",
 "wasm-bindgen",
]

[[package]]
name = "windows"
version = "0.48.0"
source = "registry+https://github.com/rust-lang/crates.io-index"
checksum = "e686886bc078bc1b0b600cac0147aadb815089b6e4da64016cbd754b6342700f"
dependencies = [
 "windows-targets",
]

[[package]]
name = "windows-targets"
version = "0.48.5"
source = "registry+https://github.com/rust-lang/crates.io-index"
checksum = "9a2fa6e2155d7247be68c096456083145c183cbbbc2764150dda45a87197940c"
dependencies = [
 "windows_aarch64_gnullvm",
 "windows_aarch64_msvc",
 "windows_i686_gnu",
 "windows_i686_msvc",
 "windows_x86_64_gnu",
 "windows_x86_64_gnullvm",
 "windows_x86_64_msvc",
]

[[package]]
name = "windows_aarch64_gnullvm"
version = "0.48.5"
source = "registry+https://github.com/rust-lang/crates.io-index"
checksum = "2b38e32f0abccf9987a4e3079dfb67dcd799fb61361e53e2882c3cbaf0d905d8"

[[package]]
name = "windows_aarch64_msvc"
version = "0.48.5"
source = "registry+https://github.com/rust-lang/crates.io-index"
checksum = "dc35310971f3b2dbbf3f0690a219f40e2d9afcf64f9ab7cc1be722937c26b4bc"

[[package]]
name = "windows_i686_gnu"
version = "0.48.5"
source = "registry+https://github.com/rust-lang/crates.io-index"
checksum = "a75915e7def60c94dcef72200b9a8e58e5091744960da64ec734a6c6e9b3743e"

[[package]]
name = "windows_i686_msvc"
version = "0.48.5"
source = "registry+https://github.com/rust-lang/crates.io-index"
checksum = "8f55c233f70c4b27f66c523580f78f1004e8b5a8b659e05a4eb49d4166cca406"

[[package]]
name = "windows_x86_64_gnu"
version = "0.48.5"
source = "registry+https://github.com/rust-lang/crates.io-index"
checksum = "53d40abd2583d23e4718fddf1ebec84dbff8381c07cae67ff7768bbf19c6718e"

[[package]]
name = "windows_x86_64_gnullvm"
version = "0.48.5"
source = "registry+https://github.com/rust-lang/crates.io-index"
checksum = "0b7b52767868a23d5bab768e390dc5f5c55825b6d30b86c844ff2dc7414044cc"

[[package]]
name = "windows_x86_64_msvc"
version = "0.48.5"
source = "registry+https://github.com/rust-lang/crates.io-index"
checksum = "ed94fce61571a4006852b7389a063ab983c02eb1bb37b47f8272ce92d06d9538"

[[package]]
name = "xtask"
version = "0.1.0"
dependencies = [
 "anyhow",
 "pulldown-cmark",
 "pulldown-cmark-to-cmark",
]

[[package]]
name = "yew"
version = "0.19.3"
source = "registry+https://github.com/rust-lang/crates.io-index"
checksum = "2a1ccb53e57d3f7d847338cf5758befa811cabe207df07f543c06f502f9998cd"
dependencies = [
 "console_error_panic_hook",
 "gloo",
 "gloo-utils",
 "indexmap 1.9.3",
 "js-sys",
 "scoped-tls-hkt",
 "slab",
 "wasm-bindgen",
 "wasm-bindgen-futures",
 "web-sys",
 "yew-macro",
]

[[package]]
name = "yew-macro"
version = "0.19.3"
source = "registry+https://github.com/rust-lang/crates.io-index"
checksum = "5fab79082b556d768d6e21811869c761893f0450e1d550a67892b9bce303b7bb"
dependencies = [
 "boolinator",
 "lazy_static",
 "proc-macro-error",
 "proc-macro2",
 "quote",
 "syn 1.0.98",
]
